
Microsoft Visual Studio Solution File, Format Version 12.00
# Visual Studio 15
VisualStudioVersion = 15.0.28307.271
MinimumVisualStudioVersion = 10.0.40219.1
Project("{FAE04EC0-301F-11D3-BF4B-00C04F79EFBC}") = "WindowsFormsApp10", "WindowsFormsApp10\WindowsFormsApp10.csproj", "{DB06752F-55F8-4AAE-A7F8-4492E79BE811}"
EndProject
Global
	GlobalSection(SolutionConfigurationPlatforms) = preSolution
		Debug|Any CPU = Debug|Any CPU
		Release|Any CPU = Release|Any CPU
	EndGlobalSection
	GlobalSection(ProjectConfigurationPlatforms) = postSolution
		{DB06752F-55F8-4AAE-A7F8-4492E79BE811}.Debug|Any CPU.ActiveCfg = Debug|Any CPU
		{DB06752F-55F8-4AAE-A7F8-4492E79BE811}.Debug|Any CPU.Build.0 = Debug|Any CPU
		{DB06752F-55F8-4AAE-A7F8-4492E79BE811}.Release|Any CPU.ActiveCfg = Release|Any CPU
		{DB06752F-55F8-4AAE-A7F8-4492E79BE811}.Release|Any CPU.Build.0 = Release|Any CPU
	EndGlobalSection
	GlobalSection(SolutionProperties) = preSolution
		HideSolutionNode = FALSE
	EndGlobalSection
	GlobalSection(ExtensibilityGlobals) = postSolution
		SolutionGuid = {F2D6F241-AE78-4C3E-8ADE-2708A8116DDD}
	EndGlobalSection
EndGlobal
